
Microsoft Visual Studio Solution File, Format Version 12.00
# Visual Studio Version 17
VisualStudioVersion = 17.3.32804.467
MinimumVisualStudioVersion = 10.0.40219.1
Project("{FAE04EC0-301F-11D3-BF4B-00C04F79EFBC}") = "pryHerreraSP3", "pryHerreraSP3\pryHerreraSP3.csproj", "{B64FC84A-3E84-4B05-88DE-4E7918AA4F0B}"
EndProject
Global
	GlobalSection(SolutionConfigurationPlatforms) = preSolution
		Debug|Any CPU = Debug|Any CPU
		Release|Any CPU = Release|Any CPU
	EndGlobalSection
	GlobalSection(ProjectConfigurationPlatforms) = postSolution
		{B64FC84A-3E84-4B05-88DE-4E7918AA4F0B}.Debug|Any CPU.ActiveCfg = Debug|Any CPU
		{B64FC84A-3E84-4B05-88DE-4E7918AA4F0B}.Debug|Any CPU.Build.0 = Debug|Any CPU
		{B64FC84A-3E84-4B05-88DE-4E7918AA4F0B}.Release|Any CPU.ActiveCfg = Release|Any CPU
		{B64FC84A-3E84-4B05-88DE-4E7918AA4F0B}.Release|Any CPU.Build.0 = Release|Any CPU
	EndGlobalSection
	GlobalSection(SolutionProperties) = preSolution
		HideSolutionNode = FALSE
	EndGlobalSection
	GlobalSection(ExtensibilityGlobals) = postSolution
		SolutionGuid = {145D1298-3E03-4734-B475-7CBDCBFA07B9}
	EndGlobalSection
EndGlobal
